
Microsoft Visual Studio Solution File, Format Version 12.00
# Visual Studio Version 17
VisualStudioVersion = 17.13.35825.156 d17.13
MinimumVisualStudioVersion = 10.0.40219.1
Project("{E24C65DC-7377-472B-9ABA-BC803B73C61A}") = "GUI(1)", ".", "{698EEFE9-147A-A0A7-1C3E-91DF27432647}"
	ProjectSection(WebsiteProperties) = preProject
		TargetFrameworkMoniker = ".NETFramework,Version%3Dv4.8"
		Debug.AspNetCompiler.VirtualPath = "/localhost_60030"
		Debug.AspNetCompiler.PhysicalPath = "..\..\..\airline test\Airline-Reservation-System-master\GUI\"
		Debug.AspNetCompiler.TargetPath = "PrecompiledWeb\localhost_60030\"
		Debug.AspNetCompiler.Updateable = "true"
		Debug.AspNetCompiler.ForceOverwrite = "true"
		Debug.AspNetCompiler.FixedNames = "false"
		Debug.AspNetCompiler.Debug = "True"
		Release.AspNetCompiler.VirtualPath = "/localhost_60030"
		Release.AspNetCompiler.PhysicalPath = "..\..\..\airline test\Airline-Reservation-System-master\GUI\"
		Release.AspNetCompiler.TargetPath = "PrecompiledWeb\localhost_60030\"
		Release.AspNetCompiler.Updateable = "true"
		Release.AspNetCompiler.ForceOverwrite = "true"
		Release.AspNetCompiler.FixedNames = "false"
		Release.AspNetCompiler.Debug = "False"
		VWDPort = "60030"
	EndProjectSection
EndProject
Global
	GlobalSection(SolutionConfigurationPlatforms) = preSolution
		Debug|Any CPU = Debug|Any CPU
	EndGlobalSection
	GlobalSection(ProjectConfigurationPlatforms) = postSolution
		{698EEFE9-147A-A0A7-1C3E-91DF27432647}.Debug|Any CPU.ActiveCfg = Debug|Any CPU
		{698EEFE9-147A-A0A7-1C3E-91DF27432647}.Debug|Any CPU.Build.0 = Debug|Any CPU
	EndGlobalSection
	GlobalSection(SolutionProperties) = preSolution
		HideSolutionNode = FALSE
	EndGlobalSection
	GlobalSection(ExtensibilityGlobals) = postSolution
		SolutionGuid = {BA295AB5-91AB-419B-A57B-FF77F14335C9}
	EndGlobalSection
EndGlobal
